// !$*UTF8*$!
{
	archiveVersion = 1;
	classes = {
	};
	objectVersion = 50;
	objects = {

/* Begin PBXBuildFile section */
		5A08C98D215D2FDE00631114 /* AppDelegate.swift in Sources */ = {isa = PBXBuildFile; fileRef = 5A08C98C215D2FDE00631114 /* AppDelegate.swift */; };
		5A08C98F215D2FDE00631114 /* ViewController.swift in Sources */ = {isa = PBXBuildFile; fileRef = 5A08C98E215D2FDE00631114 /* ViewController.swift */; };
		5A08C992215D2FDE00631114 /* Main.storyboard in Resources */ = {isa = PBXBuildFile; fileRef = 5A08C990215D2FDE00631114 /* Main.storyboard */; };
		5A08C994215D2FDF00631114 /* Assets.xcassets in Resources */ = {isa = PBXBuildFile; fileRef = 5A08C993215D2FDF00631114 /* Assets.xcassets */; };
		5A08C997215D2FDF00631114 /* LaunchScreen.storyboard in Resources */ = {isa = PBXBuildFile; fileRef = 5A08C995215D2FDF00631114 /* LaunchScreen.storyboard */; };
/* End PBXBuildFile section */

/* Begin PBXFileReference section */
		5A08C989215D2FDE00631114 /* ContentHuggingAndResistancePriorities.app */ = {isa = PBXFileReference; explicitFileType = wrapper.application; includeInIndex = 0; path = ContentHuggingAndResistancePriorities.app; sourceTree = BUILT_PRODUCTS_DIR; };
		5A08C98C215D2FDE00631114 /* AppDelegate.swift */ = {isa = PBXFileReference; lastKnownFileType = sourcecode.swift; path = AppDelegate.swift; sourceTree = "<group>"; };
		5A08C98E215D2FDE00631114 /* ViewController.swift */ = {isa = PBXFileReference; lastKnownFileType = sourcecode.swift; path = ViewController.swift; sourceTree = "<group>"; };
		5A08C991215D2FDE00631114 /* Base */ = {isa = PBXFileReference; lastKnownFileType = file.storyboard; name = Base; path = Base.lproj/Main.storyboard; sourceTree = "<group>"; };
		5A08C993215D2FDF00631114 /* Assets.xcassets */ = {isa = PBXFileReference; lastKnownFileType = folder.assetcatalog; path = Assets.xcassets; sourceTree = "<group>"; };
		5A08C996215D2FDF00631114 /* Base */ = {isa = PBXFileReference; lastKnownFileType = file.storyboard; name = Base; path = Base.lproj/LaunchScreen.storyboard; sourceTree = "<group>"; };
		5A08C998215D2FDF00631114 /* Info.plist */ = {isa = PBXFileReference; lastKnownFileType = text.plist.xml; path = Info.plist; sourceTree = "<group>"; };
/* End PBXFileReference section */

/* Begin PBXFrameworksBuildPhase section */
		5A08C986215D2FDE00631114 /* Frameworks */ = {
			isa = PBXFrameworksBuildPhase;
			buildActionMask = 2147483647;
			files = (
			);
			runOnlyForDeploymentPostprocessing = 0;
		};
/* End PBXFrameworksBuildPhase section */

/* Begin PBXGroup section */
		5A08C980215D2FDE00631114 = {
			isa = PBXGroup;
			children = (
				5A08C98B215D2FDE00631114 /* ContentHuggingAndResistancePriorities */,
				5A08C98A215D2FDE00631114 /* Products */,
			);
			sourceTree = "<group>";
		};
		5A08C98A215D2FDE00631114 /* Products */ = {
			isa = PBXGroup;
			children = (
				5A08C989215D2FDE00631114 /* ContentHuggingAndResistancePriorities.app */,
			);
			name = Products;
			sourceTree = "<group>";
		};
		5A08C98B215D2FDE00631114 /* ContentHuggingAndResistancePriorities */ = {
			isa = PBXGroup;
			children = (
				5A08C98C215D2FDE00631114 /* AppDelegate.swift */,
				5A08C98E215D2FDE00631114 /* ViewController.swift */,
				5A08C990215D2FDE00631114 /* Main.storyboard */,
				5A08C993215D2FDF00631114 /* Assets.xcassets */,
				5A08C995215D2FDF00631114 /* LaunchScreen.storyboard */,
				5A08C998215D2FDF00631114 /* Info.plist */,
			);
			path = ContentHuggingAndResistancePriorities;
			sourceTree = "<group>";
		};
/* End PBXGroup section */

/* Begin PBXNativeTarget section */
		5A08C988215D2FDE00631114 /* ContentHuggingAndResistancePriorities */ = {
			isa = PBXNativeTarget;
			buildConfigurationList = 5A08C99B215D2FDF00631114 /* Build configuration list for PBXNativeTarget "ContentHuggingAndResistancePriorities" */;
			buildPhases = (
				5A08C985215D2FDE00631114 /* Sources */,
				5A08C986215D2FDE00631114 /* Frameworks */,
				5A08C987215D2FDE00631114 /* Resources */,
			);
			buildRules = (
			);
			dependencies = (
			);
			name = ContentHuggingAndResistancePriorities;
			productName = ContentHuggingAndResistancePriorities;
			productReference = 5A08C989215D2FDE00631114 /* ContentHuggingAndResistancePriorities.app */;
			productType = "com.apple.product-type.application";
		};
/* End PBXNativeTarget section */

/* Begin PBXProject section */
		5A08C981215D2FDE00631114 /* Project object */ = {
			isa = PBXProject;
			attributes = {
				LastSwiftUpdateCheck = 0930;
				LastUpgradeCheck = 0930;
				ORGANIZATIONNAME = "Vinit Shanbhag";
				TargetAttributes = {
					5A08C988215D2FDE00631114 = {
						CreatedOnToolsVersion = 9.3.1;
					};
				};
			};
			buildConfigurationList = 5A08C984215D2FDE00631114 /* Build configuration list for PBXProject "ContentHuggingAndResistancePriorities" */;
			compatibilityVersion = "Xcode 9.3";
			developmentRegion = en;
			hasScannedForEncodings = 0;
			knownRegions = (
				en,
				Base,
			);
			mainGroup = 5A08C980215D2FDE00631114;
			productRefGroup = 5A08C98A215D2FDE00631114 /* Products */;
			projectDirPath = "";
			projectRoot = "";
			targets = (
				5A08C988215D2FDE00631114 /* ContentHuggingAndResistancePriorities */,
			);
		};
/* End PBXProject section */

/* Begin PBXResourcesBuildPhase section */
		5A08C987215D2FDE00631114 /* Resources */ = {
			isa = PBXResourcesBuildPhase;
			buildActionMask = 2147483647;
			files = (
				5A08C997215D2FDF00631114 /* LaunchScreen.storyboard in Resources */,
				5A08C994215D2FDF00631114 /* Assets.xcassets in Resources */,
				5A08C992215D2FDE00631114 /* Main.storyboard in Resources */,
			);
			runOnlyForDeploymentPostprocessing = 0;
		};
/* End PBXResourcesBuildPhase section */

/* Begin PBXSourcesBuildPhase section */
		5A08C985215D2FDE00631114 /* Sources */ = {
			isa = PBXSourcesBuildPhase;
			buildActionMask = 2147483647;
			files = (
				5A08C98F215D2FDE00631114 /* ViewController.swift in Sources */,
				5A08C98D215D2FDE00631114 /* AppDelegate.swift in Sources */,
			);
			runOnlyForDeploymentPostprocessing = 0;
		};
/* End PBXSourcesBuildPhase section */

/* Begin PBXVariantGroup section */
		5A08C990215D2FDE00631114 /* Main.storyboard */ = {
			isa = PBXVariantGroup;
			children = (
				5A08C991215D2FDE00631114 /* Base */,
			);
			name = Main.storyboard;
			sourceTree = "<group>";
		};
		5A08C995215D2FDF00631114 /* LaunchScreen.storyboard */ = {
			isa = PBXVariantGroup;
			children = (
				5A08C996215D2FDF00631114 /* Base */,
			);
			name = LaunchScreen.storyboard;
			sourceTree = "<group>";
		};
/* End PBXVariantGroup section */

/* Begin XCBuildConfiguration section */
		5A08C999215D2FDF00631114 /* Debug */ = {
			isa = XCBuildConfiguration;
			buildSettings = {
				ALWAYS_SEARCH_USER_PATHS = NO;
				CLANG_ANALYZER_NONNULL = YES;
				CLANG_ANALYZER_NUMBER_OBJECT_CONVERSION = YES_AGGRESSIVE;
				CLANG_CXX_LANGUAGE_STANDARD = "gnu++14";
				CLANG_CXX_LIBRARY = "libc++";
				CLANG_ENABLE_MODULES = YES;
				CLANG_ENABLE_OBJC_ARC = YES;
				CLANG_ENABLE_OBJC_WEAK = YES;
				CLANG_WARN_BLOCK_CAPTURE_AUTORELEASING = YES;
				CLANG_WARN_BOOL_CONVERSION = YES;
				CLANG_WARN_COMMA = YES;
				CLANG_WARN_CONSTANT_CONVERSION = YES;
				CLANG_WARN_DEPRECATED_OBJC_IMPLEMENTATIONS = YES;
				CLANG_WARN_DIRECT_OBJC_ISA_USAGE = YES_ERROR;
				CLANG_WARN_DOCUMENTATION_COMMENTS = YES;
				CLANG_WARN_EMPTY_BODY = YES;
				CLANG_WARN_ENUM_CONVERSION = YES;
				CLANG_WARN_INFINITE_RECURSION = YES;
				CLANG_WARN_INT_CONVERSION = YES;
				CLANG_WARN_NON_LITERAL_NULL_CONVERSION = YES;
				CLANG_WARN_OBJC_IMPLICIT_RETAIN_SELF = YES;
				CLANG_WARN_OBJC_LITERAL_CONVERSION = YES;
				CLANG_WARN_OBJC_ROOT_CLASS = YES_ERROR;
				CLANG_WARN_RANGE_LOOP_ANALYSIS = YES;
				CLANG_WARN_STRICT_PROTOTYPES = YES;
				CLANG_WARN_SUSPICIOUS_MOVE = YES;
				CLANG_WARN_UNGUARDED_AVAILABILITY = YES_AGGRESSIVE;
				CLANG_WARN_UNREACHABLE_CODE = YES;
				CLANG_WARN__DUPLICATE_METHOD_MATCH = YES;
				CODE_SIGN_IDENTITY = "iPhone Developer";
				COPY_PHASE_STRIP = NO;
				DEBUG_INFORMATION_FORMAT = dwarf;
				ENABLE_STRICT_OBJC_MSGSEND = YES;
				ENABLE_TESTABILITY = YES;
				GCC_C_LANGUAGE_STANDARD = gnu11;
				GCC_DYNAMIC_NO_PIC = NO;
				GCC_NO_COMMON_BLOCKS = YES;
				GCC_OPTIMIZATION_LEVEL = 0;
				GCC_PREPROCESSOR_DEFINITIONS = (
					"DEBUG=1",
					"$(inherited)",
				);
				GCC_WARN_64_TO_32_BIT_CONVERSION = YES;
				GCC_WARN_ABOUT_RETURN_TYPE = YES_ERROR;
				GCC_WARN_UNDECLARED_SELECTOR = YES;
				GCC_WARN_UNINITIALIZED_AUTOS = YES_AGGRESSIVE;
				GCC_WARN_UNUSED_FUNCTION = YES;
				GCC_WARN_UNUSED_VARIABLE = YES;
				IPHONEOS_DEPLOYMENT_TARGET = 11.3;
				MTL_ENABLE_DEBUG_INFO = YES;
				ONLY_ACTIVE_ARCH = YES;
				SDKROOT = iphoneos;
				SWIFT_ACTIVE_COMPILATION_CONDITIONS = DEBUG;
				SWIFT_OPTIMIZATION_LEVEL = "-Onone";
			};
			name = Debug;
		};
		5A08C99A215D2FDF00631114 /* Release */ = {
			isa = XCBuildConfiguration;
			buildSettings = {
				ALWAYS_SEARCH_USER_PATHS = NO;
				CLANG_ANALYZER_NONNULL = YES;
				CLANG_ANALYZER_NUMBER_OBJECT_CONVERSION = YES_AGGRESSIVE;
				CLANG_CXX_LANGUAGE_STANDARD = "gnu++14";
				CLANG_CXX_LIBRARY = "libc++";
				CLANG_ENABLE_MODULES = YES;
				CLANG_ENABLE_OBJC_ARC = YES;
				CLANG_ENABLE_OBJC_WEAK = YES;
				CLANG_WARN_BLOCK_CAPTURE_AUTORELEASING = YES;
				CLANG_WARN_BOOL_CONVERSION = YES;
				CLANG_WARN_COMMA = YES;
				CLANG_WARN_CONSTANT_CONVERSION = YES;
				CLANG_WARN_DEPRECATED_OBJC_IMPLEMENTATIONS = YES;
				CLANG_WARN_DIRECT_OBJC_ISA_USAGE = YES_ERROR;
				CLANG_WARN_DOCUMENTATION_COMMENTS = YES;
				CLANG_WARN_EMPTY_BODY = YES;
				CLANG_WARN_ENUM_CONVERSION = YES;
				CLANG_WARN_INFINITE_RECURSION = YES;
				CLANG_WARN_INT_CONVERSION = YES;
				CLANG_WARN_NON_LITERAL_NULL_CONVERSION = YES;
				CLANG_WARN_OBJC_IMPLICIT_RETAIN_SELF = YES;
				CLANG_WARN_OBJC_LITERAL_CONVERSION = YES;
				CLANG_WARN_OBJC_ROOT_CLASS = YES_ERROR;
				CLANG_WARN_RANGE_LOOP_ANALYSIS = YES;
				CLANG_WARN_STRICT_PROTOTYPES = YES;
				CLANG_WARN_SUSPICIOUS_MOVE = YES;
				CLANG_WARN_UNGUARDED_AVAILABILITY = YES_AGGRESSIVE;
				CLANG_WARN_UNREACHABLE_CODE = YES;
				CLANG_WARN__DUPLICATE_METHOD_MATCH = YES;
				CODE_SIGN_IDENTITY = "iPhone Developer";
				COPY_PHASE_STRIP = NO;
				DEBUG_INFORMATION_FORMAT = "dwarf-with-dsym";
				ENABLE_NS_ASSERTIONS = NO;
				ENABLE_STRICT_OBJC_MSGSEND = YES;
				GCC_C_LANGUAGE_STANDARD = gnu11;
				GCC_NO_COMMON_BLOCKS = YES;
				GCC_WARN_64_TO_32_BIT_CONVERSION = YES;
				GCC_WARN_ABOUT_RETURN_TYPE = YES_ERROR;
				GCC_WARN_UNDECLARED_SELECTOR = YES;
				GCC_WARN_UNINITIALIZED_AUTOS = YES_AGGRESSIVE;
				GCC_WARN_UNUSED_FUNCTION = YES;
				GCC_WARN_UNUSED_VARIABLE = YES;
				IPHONEOS_DEPLOYMENT_TARGET = 11.3;
				MTL_ENABLE_DEBUG_INFO = NO;
				SDKROOT = iphoneos;
				SWIFT_COMPILATION_MODE = wholemodule;
				SWIFT_OPTIMIZATION_LEVEL = "-O";
				VALIDATE_PRODUCT = YES;
			};
			name = Release;
		};
		5A08C99C215D2FDF00631114 /* Debug */ = {
			isa = XCBuildConfiguration;
			buildSettings = {
				ASSETCATALOG_COMPILER_APPICON_NAME = AppIcon;
				CODE_SIGN_STYLE = Automatic;
				INFOPLIST_FILE = ContentHuggingAndResistancePriorities/Info.plist;
				LD_RUNPATH_SEARCH_PATHS = (
					"$(inherited)",
					"@executable_path/Frameworks",
				);
				PRODUCT_BUNDLE_IDENTIFIER = com.Shanbhag.ContentHuggingAndResistancePriorities;
				PRODUCT_NAME = "$(TARGET_NAME)";
				SWIFT_VERSION = 4.0;
				TARGETED_DEVICE_FAMILY = "1,2";
			};
			name = Debug;
		};
		5A08C99D215D2FDF00631114 /* Release */ = {
			isa = XCBuildConfiguration;
			buildSettings = {
				ASSETCATALOG_COMPILER_APPICON_NAME = AppIcon;
				CODE_SIGN_STYLE = Automatic;
				INFOPLIST_FILE = ContentHuggingAndResistancePriorities/Info.plist;
				LD_RUNPATH_SEARCH_PATHS = (
					"$(inherited)",
					"@executable_path/Frameworks",
				);
				PRODUCT_BUNDLE_IDENTIFIER = com.Shanbhag.ContentHuggingAndResistancePriorities;
				PRODUCT_NAME = "$(TARGET_NAME)";
				SWIFT_VERSION = 4.0;
				TARGETED_DEVICE_FAMILY = "1,2";
			};
			name = Release;
		};
/* End XCBuildConfiguration section */

/* Begin XCConfigurationList section */
		5A08C984215D2FDE00631114 /* Build configuration list for PBXProject "ContentHuggingAndResistancePriorities" */ = {
			isa = XCConfigurationList;
			buildConfigurations = (
				5A08C999215D2FDF00631114 /* Debug */,
				5A08C99A215D2FDF00631114 /* Release */,
			);
			defaultConfigurationIsVisible = 0;
			defaultConfigurationName = Release;
		};
		5A08C99B215D2FDF00631114 /* Build configuration list for PBXNativeTarget "ContentHuggingAndResistancePriorities" */ = {
			isa = XCConfigurationList;
			buildConfigurations = (
				5A08C99C215D2FDF00631114 /* Debug */,
				5A08C99D215D2FDF00631114 /* Release */,
			);
			defaultConfigurationIsVisible = 0;
			defaultConfigurationName = Release;
		};
/* End XCConfigurationList section */
	};
	rootObject = 5A08C981215D2FDE00631114 /* Project object */;
}
